// !$*UTF8*$!
{
	archiveVersion = 1;
	classes = {
	};
	objectVersion = 56;
	objects = {

/* Begin PBXBuildFile section */
		F8707AD92C4BBE7F0025E2AE /* RainView.swift in Sources */ = {isa = PBXBuildFile; fileRef = F8707AD82C4BBE7F0025E2AE /* RainView.swift */; };
		F8707ADB2C4BDB5C0025E2AE /* WeatherViewProtocol.swift in Sources */ = {isa = PBXBuildFile; fileRef = F8707ADA2C4BDB5C0025E2AE /* WeatherViewProtocol.swift */; };
		F8707ADE2C4BDD270025E2AE /* WeatherViewFactory.swift in Sources */ = {isa = PBXBuildFile; fileRef = F8707ADD2C4BDD270025E2AE /* WeatherViewFactory.swift */; };
		F8707AE02C4BE90D0025E2AE /* RainViewFactory.swift in Sources */ = {isa = PBXBuildFile; fileRef = F8707ADF2C4BE90D0025E2AE /* RainViewFactory.swift */; };
		F8707AE32C4BF1E60025E2AE /* SunView.swift in Sources */ = {isa = PBXBuildFile; fileRef = F8707AE22C4BF1E60025E2AE /* SunView.swift */; };
		F8707AE62C4BF25A0025E2AE /* SunViewFactory.swift in Sources */ = {isa = PBXBuildFile; fileRef = F8707AE52C4BF25A0025E2AE /* SunViewFactory.swift */; };
		F8707AE92C4C2CDD0025E2AE /* FogView.swift in Sources */ = {isa = PBXBuildFile; fileRef = F8707AE82C4C2CDD0025E2AE /* FogView.swift */; };
		F8707AEB2C4C2DCC0025E2AE /* FogViewFactory.swift in Sources */ = {isa = PBXBuildFile; fileRef = F8707AEA2C4C2DCC0025E2AE /* FogViewFactory.swift */; };
		F871F9B52C4CFDC400EB9E25 /* CloudsView.swift in Sources */ = {isa = PBXBuildFile; fileRef = F871F9B42C4CFDC400EB9E25 /* CloudsView.swift */; };
		F871F9B92C4D074F00EB9E25 /* CloudsViewFactory.swift in Sources */ = {isa = PBXBuildFile; fileRef = F871F9B82C4D074F00EB9E25 /* CloudsViewFactory.swift */; };
		F871F9BC2C4D110800EB9E25 /* WindView.swift in Sources */ = {isa = PBXBuildFile; fileRef = F871F9BB2C4D110800EB9E25 /* WindView.swift */; };
		F871F9BE2C4D217E00EB9E25 /* WindViewFactory.swift in Sources */ = {isa = PBXBuildFile; fileRef = F871F9BD2C4D217E00EB9E25 /* WindViewFactory.swift */; };
		F8A9A0822C49620B00783590 /* AppDelegate.swift in Sources */ = {isa = PBXBuildFile; fileRef = F8A9A0812C49620B00783590 /* AppDelegate.swift */; };
		F8A9A0842C49620B00783590 /* SceneDelegate.swift in Sources */ = {isa = PBXBuildFile; fileRef = F8A9A0832C49620B00783590 /* SceneDelegate.swift */; };
		F8A9A0862C49620B00783590 /* WeatherViewController.swift in Sources */ = {isa = PBXBuildFile; fileRef = F8A9A0852C49620B00783590 /* WeatherViewController.swift */; };
		F8A9A08B2C49620F00783590 /* Assets.xcassets in Resources */ = {isa = PBXBuildFile; fileRef = F8A9A08A2C49620F00783590 /* Assets.xcassets */; };
		F8A9A08E2C49620F00783590 /* Base in Resources */ = {isa = PBXBuildFile; fileRef = F8A9A08D2C49620F00783590 /* Base */; };
		F8A9A0972C4969FE00783590 /* AppConstants.swift in Sources */ = {isa = PBXBuildFile; fileRef = F8A9A0962C4969FE00783590 /* AppConstants.swift */; };
		F8A9A0992C496A1A00783590 /* Fonts.swift in Sources */ = {isa = PBXBuildFile; fileRef = F8A9A0982C496A1A00783590 /* Fonts.swift */; };
		F8A9A09B2C496A3300783590 /* Assets.swift in Sources */ = {isa = PBXBuildFile; fileRef = F8A9A09A2C496A3300783590 /* Assets.swift */; };
		F8A9A09E2C496A9800783590 /* UIView+extension.swift in Sources */ = {isa = PBXBuildFile; fileRef = F8A9A09D2C496A9800783590 /* UIView+extension.swift */; };
		F8A9A0AF2C497E4800783590 /* HorizontalPickerViewCell.swift in Sources */ = {isa = PBXBuildFile; fileRef = F8A9A0AE2C497E4800783590 /* HorizontalPickerViewCell.swift */; };
		F8A9A0B12C49815200783590 /* HorizontalPickerView.swift in Sources */ = {isa = PBXBuildFile; fileRef = F8A9A0B02C49815200783590 /* HorizontalPickerView.swift */; };
/* End PBXBuildFile section */

/* Begin PBXFileReference section */
		F8707AD82C4BBE7F0025E2AE /* RainView.swift */ = {isa = PBXFileReference; lastKnownFileType = sourcecode.swift; path = RainView.swift; sourceTree = "<group>"; };
		F8707ADA2C4BDB5C0025E2AE /* WeatherViewProtocol.swift */ = {isa = PBXFileReference; lastKnownFileType = sourcecode.swift; path = WeatherViewProtocol.swift; sourceTree = "<group>"; };
		F8707ADD2C4BDD270025E2AE /* WeatherViewFactory.swift */ = {isa = PBXFileReference; lastKnownFileType = sourcecode.swift; path = WeatherViewFactory.swift; sourceTree = "<group>"; };
		F8707ADF2C4BE90D0025E2AE /* RainViewFactory.swift */ = {isa = PBXFileReference; lastKnownFileType = sourcecode.swift; path = RainViewFactory.swift; sourceTree = "<group>"; };
		F8707AE22C4BF1E60025E2AE /* SunView.swift */ = {isa = PBXFileReference; lastKnownFileType = sourcecode.swift; path = SunView.swift; sourceTree = "<group>"; };
		F8707AE52C4BF25A0025E2AE /* SunViewFactory.swift */ = {isa = PBXFileReference; lastKnownFileType = sourcecode.swift; path = SunViewFactory.swift; sourceTree = "<group>"; };
		F8707AE82C4C2CDD0025E2AE /* FogView.swift */ = {isa = PBXFileReference; lastKnownFileType = sourcecode.swift; path = FogView.swift; sourceTree = "<group>"; };
		F8707AEA2C4C2DCC0025E2AE /* FogViewFactory.swift */ = {isa = PBXFileReference; lastKnownFileType = sourcecode.swift; path = FogViewFactory.swift; sourceTree = "<group>"; };
		F871F9B42C4CFDC400EB9E25 /* CloudsView.swift */ = {isa = PBXFileReference; lastKnownFileType = sourcecode.swift; path = CloudsView.swift; sourceTree = "<group>"; };
		F871F9B82C4D074F00EB9E25 /* CloudsViewFactory.swift */ = {isa = PBXFileReference; lastKnownFileType = sourcecode.swift; path = CloudsViewFactory.swift; sourceTree = "<group>"; };
		F871F9BB2C4D110800EB9E25 /* WindView.swift */ = {isa = PBXFileReference; lastKnownFileType = sourcecode.swift; path = WindView.swift; sourceTree = "<group>"; };
		F871F9BD2C4D217E00EB9E25 /* WindViewFactory.swift */ = {isa = PBXFileReference; lastKnownFileType = sourcecode.swift; path = WindViewFactory.swift; sourceTree = "<group>"; };
		F8A9A07E2C49620B00783590 /* WeatherVisualizer.app */ = {isa = PBXFileReference; explicitFileType = wrapper.application; includeInIndex = 0; path = WeatherVisualizer.app; sourceTree = BUILT_PRODUCTS_DIR; };
		F8A9A0812C49620B00783590 /* AppDelegate.swift */ = {isa = PBXFileReference; lastKnownFileType = sourcecode.swift; path = AppDelegate.swift; sourceTree = "<group>"; };
		F8A9A0832C49620B00783590 /* SceneDelegate.swift */ = {isa = PBXFileReference; lastKnownFileType = sourcecode.swift; path = SceneDelegate.swift; sourceTree = "<group>"; };
		F8A9A0852C49620B00783590 /* WeatherViewController.swift */ = {isa = PBXFileReference; lastKnownFileType = sourcecode.swift; path = WeatherViewController.swift; sourceTree = "<group>"; };
		F8A9A08A2C49620F00783590 /* Assets.xcassets */ = {isa = PBXFileReference; lastKnownFileType = folder.assetcatalog; path = Assets.xcassets; sourceTree = "<group>"; };
		F8A9A08D2C49620F00783590 /* Base */ = {isa = PBXFileReference; lastKnownFileType = file.storyboard; name = Base; path = Base.lproj/LaunchScreen.storyboard; sourceTree = "<group>"; };
		F8A9A08F2C49620F00783590 /* Info.plist */ = {isa = PBXFileReference; lastKnownFileType = text.plist.xml; path = Info.plist; sourceTree = "<group>"; };
		F8A9A0962C4969FE00783590 /* AppConstants.swift */ = {isa = PBXFileReference; lastKnownFileType = sourcecode.swift; path = AppConstants.swift; sourceTree = "<group>"; };
		F8A9A0982C496A1A00783590 /* Fonts.swift */ = {isa = PBXFileReference; lastKnownFileType = sourcecode.swift; path = Fonts.swift; sourceTree = "<group>"; };
		F8A9A09A2C496A3300783590 /* Assets.swift */ = {isa = PBXFileReference; lastKnownFileType = sourcecode.swift; path = Assets.swift; sourceTree = "<group>"; };
		F8A9A09D2C496A9800783590 /* UIView+extension.swift */ = {isa = PBXFileReference; lastKnownFileType = sourcecode.swift; path = "UIView+extension.swift"; sourceTree = "<group>"; };
		F8A9A0AE2C497E4800783590 /* HorizontalPickerViewCell.swift */ = {isa = PBXFileReference; lastKnownFileType = sourcecode.swift; path = HorizontalPickerViewCell.swift; sourceTree = "<group>"; };
		F8A9A0B02C49815200783590 /* HorizontalPickerView.swift */ = {isa = PBXFileReference; lastKnownFileType = sourcecode.swift; path = HorizontalPickerView.swift; sourceTree = "<group>"; };
/* End PBXFileReference section */

/* Begin PBXFrameworksBuildPhase section */
		F8A9A07B2C49620B00783590 /* Frameworks */ = {
			isa = PBXFrameworksBuildPhase;
			buildActionMask = 2147483647;
			files = (
			);
			runOnlyForDeploymentPostprocessing = 0;
		};
/* End PBXFrameworksBuildPhase section */

/* Begin PBXGroup section */
		F8707AD72C4BBE700025E2AE /* Rain */ = {
			isa = PBXGroup;
			children = (
				F8707AD82C4BBE7F0025E2AE /* RainView.swift */,
				F8707ADF2C4BE90D0025E2AE /* RainViewFactory.swift */,
			);
			path = Rain;
			sourceTree = "<group>";
		};
		F8707ADC2C4BDBBC0025E2AE /* Weather */ = {
			isa = PBXGroup;
			children = (
				F8707ADA2C4BDB5C0025E2AE /* WeatherViewProtocol.swift */,
				F8707ADD2C4BDD270025E2AE /* WeatherViewFactory.swift */,
				F8707AD72C4BBE700025E2AE /* Rain */,
				F8707AE12C4BF1C70025E2AE /* Sun */,
				F8707AE72C4C2CCA0025E2AE /* Fog */,
				F871F9B62C4D00AD00EB9E25 /* Clouds */,
				F871F9BA2C4D10EB00EB9E25 /* Wind */,
			);
			path = Weather;
			sourceTree = "<group>";
		};
		F8707AE12C4BF1C70025E2AE /* Sun */ = {
			isa = PBXGroup;
			children = (
				F8707AE22C4BF1E60025E2AE /* SunView.swift */,
				F8707AE52C4BF25A0025E2AE /* SunViewFactory.swift */,
			);
			path = Sun;
			sourceTree = "<group>";
		};
		F8707AE72C4C2CCA0025E2AE /* Fog */ = {
			isa = PBXGroup;
			children = (
				F8707AE82C4C2CDD0025E2AE /* FogView.swift */,
				F8707AEA2C4C2DCC0025E2AE /* FogViewFactory.swift */,
			);
			path = Fog;
			sourceTree = "<group>";
		};
		F871F9B62C4D00AD00EB9E25 /* Clouds */ = {
			isa = PBXGroup;
			children = (
				F871F9B42C4CFDC400EB9E25 /* CloudsView.swift */,
				F871F9B82C4D074F00EB9E25 /* CloudsViewFactory.swift */,
			);
			path = Clouds;
			sourceTree = "<group>";
		};
		F871F9BA2C4D10EB00EB9E25 /* Wind */ = {
			isa = PBXGroup;
			children = (
				F871F9BB2C4D110800EB9E25 /* WindView.swift */,
				F871F9BD2C4D217E00EB9E25 /* WindViewFactory.swift */,
			);
			path = Wind;
			sourceTree = "<group>";
		};
		F8A9A0752C49620B00783590 = {
			isa = PBXGroup;
			children = (
				F8A9A0802C49620B00783590 /* WeatherVisualizer */,
				F8A9A07F2C49620B00783590 /* Products */,
			);
			sourceTree = "<group>";
		};
		F8A9A07F2C49620B00783590 /* Products */ = {
			isa = PBXGroup;
			children = (
				F8A9A07E2C49620B00783590 /* WeatherVisualizer.app */,
			);
			name = Products;
			sourceTree = "<group>";
		};
		F8A9A0802C49620B00783590 /* WeatherVisualizer */ = {
			isa = PBXGroup;
			children = (
				F8A9A0952C4969E100783590 /* Sources */,
				F8A9A09C2C496A8500783590 /* Extension */,
				F8A9A0A32C497B0900783590 /* UIComponents */,
				F8A9A0A02C496C3700783590 /* Module */,
				F8A9A09F2C496AB800783590 /* Supporting+files */,
				F8A9A08F2C49620F00783590 /* Info.plist */,
			);
			path = WeatherVisualizer;
			sourceTree = "<group>";
		};
		F8A9A0952C4969E100783590 /* Sources */ = {
			isa = PBXGroup;
			children = (
				F8A9A0962C4969FE00783590 /* AppConstants.swift */,
				F8A9A0982C496A1A00783590 /* Fonts.swift */,
				F8A9A09A2C496A3300783590 /* Assets.swift */,
			);
			path = Sources;
			sourceTree = "<group>";
		};
		F8A9A09C2C496A8500783590 /* Extension */ = {
			isa = PBXGroup;
			children = (
				F8A9A09D2C496A9800783590 /* UIView+extension.swift */,
			);
			path = Extension;
			sourceTree = "<group>";
		};
		F8A9A09F2C496AB800783590 /* Supporting+files */ = {
			isa = PBXGroup;
			children = (
				F8A9A0812C49620B00783590 /* AppDelegate.swift */,
				F8A9A0832C49620B00783590 /* SceneDelegate.swift */,
				F8A9A08A2C49620F00783590 /* Assets.xcassets */,
				F8A9A08C2C49620F00783590 /* LaunchScreen.storyboard */,
			);
			path = "Supporting+files";
			sourceTree = "<group>";
		};
		F8A9A0A02C496C3700783590 /* Module */ = {
			isa = PBXGroup;
			children = (
				F8A9A0852C49620B00783590 /* WeatherViewController.swift */,
				F8707ADC2C4BDBBC0025E2AE /* Weather */,
			);
			path = Module;
			sourceTree = "<group>";
		};
		F8A9A0A32C497B0900783590 /* UIComponents */ = {
			isa = PBXGroup;
			children = (
				F8A9A0AD2C497E1500783590 /* CollectionView */,
			);
			path = UIComponents;
			sourceTree = "<group>";
		};
		F8A9A0AD2C497E1500783590 /* CollectionView */ = {
			isa = PBXGroup;
			children = (
				F8A9A0AE2C497E4800783590 /* HorizontalPickerViewCell.swift */,
				F8A9A0B02C49815200783590 /* HorizontalPickerView.swift */,
			);
			path = CollectionView;
			sourceTree = "<group>";
		};
/* End PBXGroup section */

/* Begin PBXNativeTarget section */
		F8A9A07D2C49620B00783590 /* WeatherVisualizer */ = {
			isa = PBXNativeTarget;
			buildConfigurationList = F8A9A0922C49620F00783590 /* Build configuration list for PBXNativeTarget "WeatherVisualizer" */;
			buildPhases = (
				F8A9A07A2C49620B00783590 /* Sources */,
				F8A9A07B2C49620B00783590 /* Frameworks */,
				F8A9A07C2C49620B00783590 /* Resources */,
			);
			buildRules = (
			);
			dependencies = (
			);
			name = WeatherVisualizer;
			productName = WeatherVisualizer;
			productReference = F8A9A07E2C49620B00783590 /* WeatherVisualizer.app */;
			productType = "com.apple.product-type.application";
		};
/* End PBXNativeTarget section */

/* Begin PBXProject section */
		F8A9A0762C49620B00783590 /* Project object */ = {
			isa = PBXProject;
			attributes = {
				BuildIndependentTargetsInParallel = 1;
				LastSwiftUpdateCheck = 1530;
				LastUpgradeCheck = 1530;
				TargetAttributes = {
					F8A9A07D2C49620B00783590 = {
						CreatedOnToolsVersion = 15.3;
					};
				};
			};
			buildConfigurationList = F8A9A0792C49620B00783590 /* Build configuration list for PBXProject "WeatherVisualizer" */;
			compatibilityVersion = "Xcode 14.0";
			developmentRegion = en;
			hasScannedForEncodings = 0;
			knownRegions = (
				en,
				Base,
			);
			mainGroup = F8A9A0752C49620B00783590;
			productRefGroup = F8A9A07F2C49620B00783590 /* Products */;
			projectDirPath = "";
			projectRoot = "";
			targets = (
				F8A9A07D2C49620B00783590 /* WeatherVisualizer */,
			);
		};
/* End PBXProject section */

/* Begin PBXResourcesBuildPhase section */
		F8A9A07C2C49620B00783590 /* Resources */ = {
			isa = PBXResourcesBuildPhase;
			buildActionMask = 2147483647;
			files = (
				F8A9A08B2C49620F00783590 /* Assets.xcassets in Resources */,
				F8A9A08E2C49620F00783590 /* Base in Resources */,
			);
			runOnlyForDeploymentPostprocessing = 0;
		};
/* End PBXResourcesBuildPhase section */

/* Begin PBXSourcesBuildPhase section */
		F8A9A07A2C49620B00783590 /* Sources */ = {
			isa = PBXSourcesBuildPhase;
			buildActionMask = 2147483647;
			files = (
				F8A9A0AF2C497E4800783590 /* HorizontalPickerViewCell.swift in Sources */,
				F8A9A0862C49620B00783590 /* WeatherViewController.swift in Sources */,
				F871F9B52C4CFDC400EB9E25 /* CloudsView.swift in Sources */,
				F871F9B92C4D074F00EB9E25 /* CloudsViewFactory.swift in Sources */,
				F8707AEB2C4C2DCC0025E2AE /* FogViewFactory.swift in Sources */,
				F8707ADE2C4BDD270025E2AE /* WeatherViewFactory.swift in Sources */,
				F8707ADB2C4BDB5C0025E2AE /* WeatherViewProtocol.swift in Sources */,
				F8707AD92C4BBE7F0025E2AE /* RainView.swift in Sources */,
				F8707AE32C4BF1E60025E2AE /* SunView.swift in Sources */,
				F8707AE02C4BE90D0025E2AE /* RainViewFactory.swift in Sources */,
				F871F9BC2C4D110800EB9E25 /* WindView.swift in Sources */,
				F8A9A0992C496A1A00783590 /* Fonts.swift in Sources */,
				F8A9A0B12C49815200783590 /* HorizontalPickerView.swift in Sources */,
				F8A9A09B2C496A3300783590 /* Assets.swift in Sources */,
				F8707AE62C4BF25A0025E2AE /* SunViewFactory.swift in Sources */,
				F8A9A09E2C496A9800783590 /* UIView+extension.swift in Sources */,
				F871F9BE2C4D217E00EB9E25 /* WindViewFactory.swift in Sources */,
				F8A9A0822C49620B00783590 /* AppDelegate.swift in Sources */,
				F8A9A0842C49620B00783590 /* SceneDelegate.swift in Sources */,
				F8A9A0972C4969FE00783590 /* AppConstants.swift in Sources */,
				F8707AE92C4C2CDD0025E2AE /* FogView.swift in Sources */,
			);
			runOnlyForDeploymentPostprocessing = 0;
		};
/* End PBXSourcesBuildPhase section */

/* Begin PBXVariantGroup section */
		F8A9A08C2C49620F00783590 /* LaunchScreen.storyboard */ = {
			isa = PBXVariantGroup;
			children = (
				F8A9A08D2C49620F00783590 /* Base */,
			);
			name = LaunchScreen.storyboard;
			sourceTree = "<group>";
		};
/* End PBXVariantGroup section */

/* Begin XCBuildConfiguration section */
		F8A9A0902C49620F00783590 /* Debug */ = {
			isa = XCBuildConfiguration;
			buildSettings = {
				ALWAYS_SEARCH_USER_PATHS = NO;
				ASSETCATALOG_COMPILER_GENERATE_SWIFT_ASSET_SYMBOL_EXTENSIONS = YES;
				CLANG_ANALYZER_NONNULL = YES;
				CLANG_ANALYZER_NUMBER_OBJECT_CONVERSION = YES_AGGRESSIVE;
				CLANG_CXX_LANGUAGE_STANDARD = "gnu++20";
				CLANG_ENABLE_MODULES = YES;
				CLANG_ENABLE_OBJC_ARC = YES;
				CLANG_ENABLE_OBJC_WEAK = YES;
				CLANG_WARN_BLOCK_CAPTURE_AUTORELEASING = YES;
				CLANG_WARN_BOOL_CONVERSION = YES;
				CLANG_WARN_COMMA = YES;
				CLANG_WARN_CONSTANT_CONVERSION = YES;
				CLANG_WARN_DEPRECATED_OBJC_IMPLEMENTATIONS = YES;
				CLANG_WARN_DIRECT_OBJC_ISA_USAGE = YES_ERROR;
				CLANG_WARN_DOCUMENTATION_COMMENTS = YES;
				CLANG_WARN_EMPTY_BODY = YES;
				CLANG_WARN_ENUM_CONVERSION = YES;
				CLANG_WARN_INFINITE_RECURSION = YES;
				CLANG_WARN_INT_CONVERSION = YES;
				CLANG_WARN_NON_LITERAL_NULL_CONVERSION = YES;
				CLANG_WARN_OBJC_IMPLICIT_RETAIN_SELF = YES;
				CLANG_WARN_OBJC_LITERAL_CONVERSION = YES;
				CLANG_WARN_OBJC_ROOT_CLASS = YES_ERROR;
				CLANG_WARN_QUOTED_INCLUDE_IN_FRAMEWORK_HEADER = YES;
				CLANG_WARN_RANGE_LOOP_ANALYSIS = YES;
				CLANG_WARN_STRICT_PROTOTYPES = YES;
				CLANG_WARN_SUSPICIOUS_MOVE = YES;
				CLANG_WARN_UNGUARDED_AVAILABILITY = YES_AGGRESSIVE;
				CLANG_WARN_UNREACHABLE_CODE = YES;
				CLANG_WARN__DUPLICATE_METHOD_MATCH = YES;
				COPY_PHASE_STRIP = NO;
				DEBUG_INFORMATION_FORMAT = dwarf;
				ENABLE_STRICT_OBJC_MSGSEND = YES;
				ENABLE_TESTABILITY = YES;
				ENABLE_USER_SCRIPT_SANDBOXING = YES;
				GCC_C_LANGUAGE_STANDARD = gnu17;
				GCC_DYNAMIC_NO_PIC = NO;
				GCC_NO_COMMON_BLOCKS = YES;
				GCC_OPTIMIZATION_LEVEL = 0;
				GCC_PREPROCESSOR_DEFINITIONS = (
					"DEBUG=1",
					"$(inherited)",
				);
				GCC_WARN_64_TO_32_BIT_CONVERSION = YES;
				GCC_WARN_ABOUT_RETURN_TYPE = YES_ERROR;
				GCC_WARN_UNDECLARED_SELECTOR = YES;
				GCC_WARN_UNINITIALIZED_AUTOS = YES_AGGRESSIVE;
				GCC_WARN_UNUSED_FUNCTION = YES;
				GCC_WARN_UNUSED_VARIABLE = YES;
				IPHONEOS_DEPLOYMENT_TARGET = 17.4;
				LOCALIZATION_PREFERS_STRING_CATALOGS = YES;
				MTL_ENABLE_DEBUG_INFO = INCLUDE_SOURCE;
				MTL_FAST_MATH = YES;
				ONLY_ACTIVE_ARCH = YES;
				SDKROOT = iphoneos;
				SWIFT_ACTIVE_COMPILATION_CONDITIONS = "DEBUG $(inherited)";
				SWIFT_OPTIMIZATION_LEVEL = "-Onone";
			};
			name = Debug;
		};
		F8A9A0912C49620F00783590 /* Release */ = {
			isa = XCBuildConfiguration;
			buildSettings = {
				ALWAYS_SEARCH_USER_PATHS = NO;
				ASSETCATALOG_COMPILER_GENERATE_SWIFT_ASSET_SYMBOL_EXTENSIONS = YES;
				CLANG_ANALYZER_NONNULL = YES;
				CLANG_ANALYZER_NUMBER_OBJECT_CONVERSION = YES_AGGRESSIVE;
				CLANG_CXX_LANGUAGE_STANDARD = "gnu++20";
				CLANG_ENABLE_MODULES = YES;
				CLANG_ENABLE_OBJC_ARC = YES;
				CLANG_ENABLE_OBJC_WEAK = YES;
				CLANG_WARN_BLOCK_CAPTURE_AUTORELEASING = YES;
				CLANG_WARN_BOOL_CONVERSION = YES;
				CLANG_WARN_COMMA = YES;
				CLANG_WARN_CONSTANT_CONVERSION = YES;
				CLANG_WARN_DEPRECATED_OBJC_IMPLEMENTATIONS = YES;
				CLANG_WARN_DIRECT_OBJC_ISA_USAGE = YES_ERROR;
				CLANG_WARN_DOCUMENTATION_COMMENTS = YES;
				CLANG_WARN_EMPTY_BODY = YES;
				CLANG_WARN_ENUM_CONVERSION = YES;
				CLANG_WARN_INFINITE_RECURSION = YES;
				CLANG_WARN_INT_CONVERSION = YES;
				CLANG_WARN_NON_LITERAL_NULL_CONVERSION = YES;
				CLANG_WARN_OBJC_IMPLICIT_RETAIN_SELF = YES;
				CLANG_WARN_OBJC_LITERAL_CONVERSION = YES;
				CLANG_WARN_OBJC_ROOT_CLASS = YES_ERROR;
				CLANG_WARN_QUOTED_INCLUDE_IN_FRAMEWORK_HEADER = YES;
				CLANG_WARN_RANGE_LOOP_ANALYSIS = YES;
				CLANG_WARN_STRICT_PROTOTYPES = YES;
				CLANG_WARN_SUSPICIOUS_MOVE = YES;
				CLANG_WARN_UNGUARDED_AVAILABILITY = YES_AGGRESSIVE;
				CLANG_WARN_UNREACHABLE_CODE = YES;
				CLANG_WARN__DUPLICATE_METHOD_MATCH = YES;
				COPY_PHASE_STRIP = NO;
				DEBUG_INFORMATION_FORMAT = "dwarf-with-dsym";
				ENABLE_NS_ASSERTIONS = NO;
				ENABLE_STRICT_OBJC_MSGSEND = YES;
				ENABLE_USER_SCRIPT_SANDBOXING = YES;
				GCC_C_LANGUAGE_STANDARD = gnu17;
				GCC_NO_COMMON_BLOCKS = YES;
				GCC_WARN_64_TO_32_BIT_CONVERSION = YES;
				GCC_WARN_ABOUT_RETURN_TYPE = YES_ERROR;
				GCC_WARN_UNDECLARED_SELECTOR = YES;
				GCC_WARN_UNINITIALIZED_AUTOS = YES_AGGRESSIVE;
				GCC_WARN_UNUSED_FUNCTION = YES;
				GCC_WARN_UNUSED_VARIABLE = YES;
				IPHONEOS_DEPLOYMENT_TARGET = 17.4;
				LOCALIZATION_PREFERS_STRING_CATALOGS = YES;
				MTL_ENABLE_DEBUG_INFO = NO;
				MTL_FAST_MATH = YES;
				SDKROOT = iphoneos;
				SWIFT_COMPILATION_MODE = wholemodule;
				VALIDATE_PRODUCT = YES;
			};
			name = Release;
		};
		F8A9A0932C49620F00783590 /* Debug */ = {
			isa = XCBuildConfiguration;
			buildSettings = {
				ASSETCATALOG_COMPILER_APPICON_NAME = AppIcon;
				ASSETCATALOG_COMPILER_GLOBAL_ACCENT_COLOR_NAME = AccentColor;
				CODE_SIGN_STYLE = Automatic;
				CURRENT_PROJECT_VERSION = 1;
				DEVELOPMENT_TEAM = 338KW5973W;
				GENERATE_INFOPLIST_FILE = YES;
				INFOPLIST_FILE = WeatherVisualizer/Info.plist;
				INFOPLIST_KEY_UIApplicationSupportsIndirectInputEvents = YES;
				INFOPLIST_KEY_UILaunchStoryboardName = LaunchScreen;
				INFOPLIST_KEY_UISupportedInterfaceOrientations_iPad = "UIInterfaceOrientationPortrait UIInterfaceOrientationPortraitUpsideDown UIInterfaceOrientationLandscapeLeft UIInterfaceOrientationLandscapeRight";
				INFOPLIST_KEY_UISupportedInterfaceOrientations_iPhone = "UIInterfaceOrientationPortrait UIInterfaceOrientationLandscapeLeft UIInterfaceOrientationLandscapeRight";
				IPHONEOS_DEPLOYMENT_TARGET = 14.0;
				LD_RUNPATH_SEARCH_PATHS = (
					"$(inherited)",
					"@executable_path/Frameworks",
				);
				MARKETING_VERSION = 1.0;
				PRODUCT_BUNDLE_IDENTIFIER = ru.study.WeatherVisualizer;
				PRODUCT_NAME = "$(TARGET_NAME)";
				SWIFT_EMIT_LOC_STRINGS = YES;
				SWIFT_VERSION = 5.0;
				TARGETED_DEVICE_FAMILY = "1,2";
			};
			name = Debug;
		};
		F8A9A0942C49620F00783590 /* Release */ = {
			isa = XCBuildConfiguration;
			buildSettings = {
				ASSETCATALOG_COMPILER_APPICON_NAME = AppIcon;
				ASSETCATALOG_COMPILER_GLOBAL_ACCENT_COLOR_NAME = AccentColor;
				CODE_SIGN_STYLE = Automatic;
				CURRENT_PROJECT_VERSION = 1;
				DEVELOPMENT_TEAM = 338KW5973W;
				GENERATE_INFOPLIST_FILE = YES;
				INFOPLIST_FILE = WeatherVisualizer/Info.plist;
				INFOPLIST_KEY_UIApplicationSupportsIndirectInputEvents = YES;
				INFOPLIST_KEY_UILaunchStoryboardName = LaunchScreen;
				INFOPLIST_KEY_UISupportedInterfaceOrientations_iPad = "UIInterfaceOrientationPortrait UIInterfaceOrientationPortraitUpsideDown UIInterfaceOrientationLandscapeLeft UIInterfaceOrientationLandscapeRight";
				INFOPLIST_KEY_UISupportedInterfaceOrientations_iPhone = "UIInterfaceOrientationPortrait UIInterfaceOrientationLandscapeLeft UIInterfaceOrientationLandscapeRight";
				IPHONEOS_DEPLOYMENT_TARGET = 14.0;
				LD_RUNPATH_SEARCH_PATHS = (
					"$(inherited)",
					"@executable_path/Frameworks",
				);
				MARKETING_VERSION = 1.0;
				PRODUCT_BUNDLE_IDENTIFIER = ru.study.WeatherVisualizer;
				PRODUCT_NAME = "$(TARGET_NAME)";
				SWIFT_EMIT_LOC_STRINGS = YES;
				SWIFT_VERSION = 5.0;
				TARGETED_DEVICE_FAMILY = "1,2";
			};
			name = Release;
		};
/* End XCBuildConfiguration section */

/* Begin XCConfigurationList section */
		F8A9A0792C49620B00783590 /* Build configuration list for PBXProject "WeatherVisualizer" */ = {
			isa = XCConfigurationList;
			buildConfigurations = (
				F8A9A0902C49620F00783590 /* Debug */,
				F8A9A0912C49620F00783590 /* Release */,
			);
			defaultConfigurationIsVisible = 0;
			defaultConfigurationName = Release;
		};
		F8A9A0922C49620F00783590 /* Build configuration list for PBXNativeTarget "WeatherVisualizer" */ = {
			isa = XCConfigurationList;
			buildConfigurations = (
				F8A9A0932C49620F00783590 /* Debug */,
				F8A9A0942C49620F00783590 /* Release */,
			);
			defaultConfigurationIsVisible = 0;
			defaultConfigurationName = Release;
		};
/* End XCConfigurationList section */
	};
	rootObject = F8A9A0762C49620B00783590 /* Project object */;
}
